{
    "name": "@pexlab/ngx-front-engine",
    "version": "0.0.67",
    "lockfileVersion": 2,
    "requires": true,
    "packages": {
        "": {
            "name": "@pexlab/ngx-front-engine",
            "version": "0.0.67",
            "funding": [
                {
                    "type": "individual",
                    "url": "https://www.buymeacoffee.com/slatedave"
                }
            ],
            "license": "MIT",
            "dependencies": {
                "@angular/cdk": "^14.0.4",
                "@fontsource/anonymous-pro": "^4.5.0",
                "@fontsource/architects-daughter": "^4.5.2",
                "@fontsource/baloo-bhaina-2": "^4.5.1",
                "@fontsource/jost": "^4.5.0",
                "@fontsource/pangolin": "^4.5.2",
                "@fontsource/rajdhani": "^4.5.8",
                "@fontsource/roboto": "^4.5.0",
                "@fontsource/syncopate": "^4.5.7",
                "date-fns": "^2.29.2",
                "deepdash-es": "^5.3.9",
                "focus-trap": "^7.0.0",
                "fuse.js": "^6.6.2",
                "lodash-es": "^4.17.21",
                "nanoid": "^4.0.0",
                "svg-round-corners": "^0.3.0",
                "text-security": "^3.2.1",
                "tslib": "^2.3.0",
                "wcag-contrast": "^3.0.0"
            },
            "devDependencies": {
                "@types/lodash-es": "^4.17.6",
                "@types/wcag-contrast": "^3.0.0"
            },
            "peerDependencies": {
                "@angular/common": ">=14.0.0",
                "@angular/core": ">=14.0.0",
                "angular-svg-icon": "^14.0.0",
                "rxjs": ">=6.6.3",
                "zod": "^3.17.3"
            }
        },
        "node_modules/@angular/cdk": {
            "version": "14.2.7",
            "resolved": "https://registry.npmjs.org/@angular/cdk/-/cdk-14.2.7.tgz",
            "integrity": "sha512-/tEsYaUbDSnfEmKVvAMramIptmhI67O+9STjOV0i+74XR2NospeK0fkbywIANu1n3w6AHGMotvRWJrjmbCElFg==",
            "dependencies": {
                "tslib": "^2.3.0"
            },
            "optionalDependencies": {
                "parse5": "^5.0.0"
            },
            "peerDependencies": {
                "@angular/common": "^14.0.0 || ^15.0.0",
                "@angular/core": "^14.0.0 || ^15.0.0",
                "rxjs": "^6.5.3 || ^7.4.0"
            }
        },
        "node_modules/@angular/common": {
            "version": "15.0.3",
            "resolved": "https://registry.npmjs.org/@angular/common/-/common-15.0.3.tgz",
            "integrity": "sha512-TYpNnP6f7+x+FqyFCjl+D7rqJojMJT3QURwbnKsZYO7gsfoKashgrLxd9f3lQpa9EHvdMsVZWGZuPmoerGQ5qg==",
            "peer": true,
            "dependencies": {
                "tslib": "^2.3.0"
            },
            "engines": {
                "node": "^14.20.0 || ^16.13.0 || >=18.10.0"
            },
            "peerDependencies": {
                "@angular/core": "15.0.3",
                "rxjs": "^6.5.3 || ^7.4.0"
            }
        },
        "node_modules/@angular/core": {
            "version": "15.0.3",
            "resolved": "https://registry.npmjs.org/@angular/core/-/core-15.0.3.tgz",
            "integrity": "sha512-tYQszxkk32RZkMA7Czv9l5apiDIsoqVO2taIuPKfesAcwsQ7z/x3JTu3JkwUnB9c9nq2c18wIzjzMs4iElxdVQ==",
            "peer": true,
            "dependencies": {
                "tslib": "^2.3.0"
            },
            "engines": {
                "node": "^14.20.0 || ^16.13.0 || >=18.10.0"
            },
            "peerDependencies": {
                "rxjs": "^6.5.3 || ^7.4.0",
                "zone.js": "~0.11.4 || ~0.12.0"
            }
        },
        "node_modules/@fontsource/anonymous-pro": {
            "version": "4.5.0",
            "resolved": "https://registry.npmjs.org/@fontsource/anonymous-pro/-/anonymous-pro-4.5.0.tgz",
            "integrity": "sha512-4+JsJ0J/0NZvqiKv6TtkG5fCrs5RNSylAQ4vEifCRTlIZCWUDAjEmRz6s0DdRicTSLaOBoAUIp7efufWmHbpmw=="
        },
        "node_modules/@fontsource/architects-daughter": {
            "version": "4.5.9",
            "resolved": "https://registry.npmjs.org/@fontsource/architects-daughter/-/architects-daughter-4.5.9.tgz",
            "integrity": "sha512-ImvKC1XaIy4dcdz89I9J1yONK88kQ+LH0Xwe2McdInuQJc97sleIYaOtSjw5MJcYfpgKxyyREMZxZ0RDaMqqMQ=="
        },
        "node_modules/@fontsource/baloo-bhaina-2": {
            "version": "4.5.4",
            "resolved": "https://registry.npmjs.org/@fontsource/baloo-bhaina-2/-/baloo-bhaina-2-4.5.4.tgz",
            "integrity": "sha512-H9svASlAzkeMI/PpEFGTa1jaXXbIPeHdYMRqfQ0j+4VwDTvopWFjvhIk2bRXy5EtYeGH6FaQZRs/n7JcLa6SYg=="
        },
        "node_modules/@fontsource/jost": {
            "version": "4.5.0",
            "resolved": "https://registry.npmjs.org/@fontsource/jost/-/jost-4.5.0.tgz",
            "integrity": "sha512-oSAd/XsrQ6wUifC5G9Zf6NfQHIVb/Hv9iZdSel7ZH5ZdWA4OVao68JN6V+BAvH51CG0+uSBJh5HIxgG78dwTmQ=="
        },
        "node_modules/@fontsource/pangolin": {
            "version": "4.5.9",
            "resolved": "https://registry.npmjs.org/@fontsource/pangolin/-/pangolin-4.5.9.tgz",
            "integrity": "sha512-Ofdh94TJMk+YawvwKDwisIp68l+vJ9Q4sms34xZi61HdqTxoUgdHpvtpf71b+24SO9UkD7ULHnbLPGx4IxXgDA=="
        },
        "node_modules/@fontsource/rajdhani": {
            "version": "4.5.10",
            "resolved": "https://registry.npmjs.org/@fontsource/rajdhani/-/rajdhani-4.5.10.tgz",
            "integrity": "sha512-4qsQsC4BELF8FC6UEBs5QBkek4v+/t0PYmQYtw1WDlNlq0V5mjUldMxjXzZano9/5HBihL7ztfQRPOf8WYexIQ=="
        },
        "node_modules/@fontsource/roboto": {
            "version": "4.5.1",
            "resolved": "https://registry.npmjs.org/@fontsource/roboto/-/roboto-4.5.1.tgz",
            "integrity": "sha512-3mhfL+eNPG/woMNqwD/OHaW5qMpeGEBsDwzmhFmjB1yUV+M+M9P0NhP/AyHvnGz3DrqkvZ7CPzNMa+UkVLeELg=="
        },
        "node_modules/@fontsource/syncopate": {
            "version": "4.5.8",
            "resolved": "https://registry.npmjs.org/@fontsource/syncopate/-/syncopate-4.5.8.tgz",
            "integrity": "sha512-rxmOQPlglHyKXziy6p34kVtd3VU/SlGklKEH80gCMsEO9eVuBXJyGCendM/Kv9Na9AZI/P66HhNxGvE6/Hy1XQ=="
        },
        "node_modules/@types/lodash": {
            "version": "4.14.175",
            "resolved": "https://registry.npmjs.org/@types/lodash/-/lodash-4.14.175.tgz",
            "integrity": "sha512-XmdEOrKQ8a1Y/yxQFOMbC47G/V2VDO1GvMRnl4O75M4GW/abC5tnfzadQYkqEveqRM1dEJGFFegfPNA2vvx2iw==",
            "dev": true
        },
        "node_modules/@types/lodash-es": {
            "version": "4.17.6",
            "resolved": "https://registry.npmjs.org/@types/lodash-es/-/lodash-es-4.17.6.tgz",
            "integrity": "sha512-R+zTeVUKDdfoRxpAryaQNRKk3105Rrgx2CFRClIgRGaqDTdjsm8h6IYA8ir584W3ePzkZfst5xIgDwYrlh9HLg==",
            "dev": true,
            "dependencies": {
                "@types/lodash": "*"
            }
        },
        "node_modules/@types/wcag-contrast": {
            "version": "3.0.0",
            "resolved": "https://registry.npmjs.org/@types/wcag-contrast/-/wcag-contrast-3.0.0.tgz",
            "integrity": "sha512-RDinJW4P1bg+dWA6C0/looxA0zyi24gIDHrewzFW/xyU2v97D38KRzXdxMbiVpqovrjTa/xsX8abj3/hpASklg==",
            "dev": true
        },
        "node_modules/angular-svg-icon": {
            "version": "14.0.0",
            "resolved": "https://registry.npmjs.org/angular-svg-icon/-/angular-svg-icon-14.0.0.tgz",
            "integrity": "sha512-WIEl7vp2wtacRauf/Rmfcyy5PTg5P4FHhdmm6oy3hWOY9aK/QEqEW5zzLKDXsh1djRlChLWnnC3ptaPC0wyHDw==",
            "peer": true,
            "dependencies": {
                "tslib": "^2.3.1"
            },
            "peerDependencies": {
                "@angular/common": ">=14.0.0",
                "@angular/core": ">=14.0.0",
                "rxjs": ">=6.6.3"
            }
        },
        "node_modules/date-fns": {
            "version": "2.29.3",
            "resolved": "https://registry.npmjs.org/date-fns/-/date-fns-2.29.3.tgz",
            "integrity": "sha512-dDCnyH2WnnKusqvZZ6+jA1O51Ibt8ZMRNkDZdyAyK4YfbDwa/cEmuztzG5pk6hqlp9aSBPYcjOlktquahGwGeA==",
            "engines": {
                "node": ">=0.11"
            },
            "funding": {
                "type": "opencollective",
                "url": "https://opencollective.com/date-fns"
            }
        },
        "node_modules/deepdash-es": {
            "version": "5.3.9",
            "resolved": "https://registry.npmjs.org/deepdash-es/-/deepdash-es-5.3.9.tgz",
            "integrity": "sha512-p/pFjNW8RgkWiTderYZpFA3yLo/ABjr2bR5ZSkT13nvpXIvrv66PYo31MAzaauJnU/kXwNpkiSR2kTLQbjhwJQ==",
            "dependencies": {
                "lodash-es": "^4.17.21"
            }
        },
        "node_modules/esm": {
            "version": "3.2.25",
            "resolved": "https://registry.npmjs.org/esm/-/esm-3.2.25.tgz",
            "integrity": "sha512-U1suiZ2oDVWv4zPO56S0NcR5QriEahGtdN2OR6FiOG4WJvcjBVFB0qI4+eKoWFH483PKGuLuu6V8Z4T5g63UVA==",
            "engines": {
                "node": ">=6"
            }
        },
        "node_modules/focus-trap": {
            "version": "7.2.0",
            "resolved": "https://registry.npmjs.org/focus-trap/-/focus-trap-7.2.0.tgz",
            "integrity": "sha512-v4wY6HDDYvzkBy4735kW5BUEuw6Yz9ABqMYLuTNbzAFPcBOGiGHwwcNVMvUz4G0kgSYh13wa/7TG3XwTeT4O/A==",
            "dependencies": {
                "tabbable": "^6.0.1"
            }
        },
        "node_modules/fuse.js": {
            "version": "6.6.2",
            "resolved": "https://registry.npmjs.org/fuse.js/-/fuse.js-6.6.2.tgz",
            "integrity": "sha512-cJaJkxCCxC8qIIcPBF9yGxY0W/tVZS3uEISDxhYIdtk8OL93pe+6Zj7LjCqVV4dzbqcriOZ+kQ/NE4RXZHsIGA==",
            "engines": {
                "node": ">=10"
            }
        },
        "node_modules/lodash-es": {
            "version": "4.17.21",
            "resolved": "https://registry.npmjs.org/lodash-es/-/lodash-es-4.17.21.tgz",
            "integrity": "sha512-mKnC+QJ9pWVzv+C4/U3rRsHapFfHvQFoFB92e52xeyGMcX6/OlIl78je1u8vePzYZSkkogMPJ2yjxxsb89cxyw=="
        },
        "node_modules/lodash.clonedeep": {
            "version": "4.5.0",
            "resolved": "https://registry.npmjs.org/lodash.clonedeep/-/lodash.clonedeep-4.5.0.tgz",
            "integrity": "sha1-4j8/nE+Pvd6HJSnBBxhXoIblzO8="
        },
        "node_modules/nanoid": {
            "version": "4.0.0",
            "resolved": "https://registry.npmjs.org/nanoid/-/nanoid-4.0.0.tgz",
            "integrity": "sha512-IgBP8piMxe/gf73RTQx7hmnhwz0aaEXYakvqZyE302IXW3HyVNhdNGC+O2MwMAVhLEnvXlvKtGbtJf6wvHihCg==",
            "bin": {
                "nanoid": "bin/nanoid.js"
            },
            "engines": {
                "node": "^14 || ^16 || >=18"
            }
        },
        "node_modules/parse5": {
            "version": "5.1.1",
            "resolved": "https://registry.npmjs.org/parse5/-/parse5-5.1.1.tgz",
            "integrity": "sha512-ugq4DFI0Ptb+WWjAdOK16+u/nHfiIrcE+sh8kZMaM0WllQKLI9rOUq6c2b7cwPkXdzfQESqvoqK6ug7U/Yyzug==",
            "optional": true
        },
        "node_modules/relative-luminance": {
            "version": "2.0.1",
            "resolved": "https://registry.npmjs.org/relative-luminance/-/relative-luminance-2.0.1.tgz",
            "integrity": "sha512-wFuITNthJilFPwkK7gNJcULxXBcfFZvZORsvdvxeOdO44wCeZnuQkf3nFFzOR/dpJNxYsdRZJLsepWbyKhnMww==",
            "dependencies": {
                "esm": "^3.0.84"
            }
        },
        "node_modules/rxjs": {
            "version": "7.5.4",
            "resolved": "https://registry.npmjs.org/rxjs/-/rxjs-7.5.4.tgz",
            "integrity": "sha512-h5M3Hk78r6wAheJF0a5YahB1yRQKCsZ4MsGdZ5O9ETbVtjPcScGfrMmoOq7EBsCRzd4BDkvDJ7ogP8Sz5tTFiQ==",
            "peer": true,
            "dependencies": {
                "tslib": "^2.1.0"
            }
        },
        "node_modules/svg-round-corners": {
            "version": "0.3.0",
            "resolved": "https://registry.npmjs.org/svg-round-corners/-/svg-round-corners-0.3.0.tgz",
            "integrity": "sha512-Z926d/WlI3fmM95jZlZ1nSxUObV+05ivcscTa7WnNcPt4CDwEpuyjrwRTg5O7ruUlVcQa4u979lMzXo7whRAyw==",
            "dependencies": {
                "lodash.clonedeep": "^4.5.0"
            }
        },
        "node_modules/tabbable": {
            "version": "6.0.1",
            "resolved": "https://registry.npmjs.org/tabbable/-/tabbable-6.0.1.tgz",
            "integrity": "sha512-SYJSIgeyXW7EuX1ytdneO5e8jip42oHWg9xl/o3oTYhmXusZVgiA+VlPvjIN+kHii9v90AmzTZEBcsEvuAY+TA=="
        },
        "node_modules/text-security": {
            "version": "3.2.1",
            "resolved": "https://registry.npmjs.org/text-security/-/text-security-3.2.1.tgz",
            "integrity": "sha512-MjDQ3lyLeLqcGqZfQCZ6kvjQiuNfJaicdgIczPJDtD4tj0vIPT8WwIOKTi8wgXCVS/F1WJmapO3SppXemrwbIA=="
        },
        "node_modules/tslib": {
            "version": "2.3.1",
            "resolved": "https://registry.npmjs.org/tslib/-/tslib-2.3.1.tgz",
            "integrity": "sha512-77EbyPPpMz+FRFRuAFlWMtmgUWGe9UOG2Z25NqCwiIjRhOf5iKGuzSe5P2w1laq+FkRy4p+PCuVkJSGkzTEKVw=="
        },
        "node_modules/wcag-contrast": {
            "version": "3.0.0",
            "resolved": "https://registry.npmjs.org/wcag-contrast/-/wcag-contrast-3.0.0.tgz",
            "integrity": "sha512-RWbpg/S7FOXDCwqC2oFhN/vh8dHzj0OS6dpyOSDHyQFSmqmR+lAUStV/ziTT1GzDqL9wol+nZQB4vCi5yEak+w==",
            "dependencies": {
                "relative-luminance": "^2.0.0"
            }
        },
        "node_modules/zod": {
            "version": "3.20.2",
            "resolved": "https://registry.npmjs.org/zod/-/zod-3.20.2.tgz",
            "integrity": "sha512-1MzNQdAvO+54H+EaK5YpyEy0T+Ejo/7YLHS93G3RnYWh5gaotGHwGeN/ZO687qEDU2y4CdStQYXVHIgrUl5UVQ==",
            "peer": true,
            "funding": {
                "url": "https://github.com/sponsors/colinhacks"
            }
        },
        "node_modules/zone.js": {
            "version": "0.11.4",
            "resolved": "https://registry.npmjs.org/zone.js/-/zone.js-0.11.4.tgz",
            "integrity": "sha512-DDh2Ab+A/B+9mJyajPjHFPWfYU1H+pdun4wnnk0OcQTNjem1XQSZ2CDW+rfZEUDjv5M19SBqAkjZi0x5wuB5Qw==",
            "peer": true,
            "dependencies": {
                "tslib": "^2.0.0"
            }
        }
    },
    "dependencies": {
        "@angular/cdk": {
            "version": "14.2.7",
            "resolved": "https://registry.npmjs.org/@angular/cdk/-/cdk-14.2.7.tgz",
            "integrity": "sha512-/tEsYaUbDSnfEmKVvAMramIptmhI67O+9STjOV0i+74XR2NospeK0fkbywIANu1n3w6AHGMotvRWJrjmbCElFg==",
            "requires": {
                "parse5": "^5.0.0",
                "tslib": "^2.3.0"
            }
        },
        "@angular/common": {
            "version": "15.0.3",
            "resolved": "https://registry.npmjs.org/@angular/common/-/common-15.0.3.tgz",
            "integrity": "sha512-TYpNnP6f7+x+FqyFCjl+D7rqJojMJT3QURwbnKsZYO7gsfoKashgrLxd9f3lQpa9EHvdMsVZWGZuPmoerGQ5qg==",
            "peer": true,
            "requires": {
                "tslib": "^2.3.0"
            }
        },
        "@angular/core": {
            "version": "15.0.3",
            "resolved": "https://registry.npmjs.org/@angular/core/-/core-15.0.3.tgz",
            "integrity": "sha512-tYQszxkk32RZkMA7Czv9l5apiDIsoqVO2taIuPKfesAcwsQ7z/x3JTu3JkwUnB9c9nq2c18wIzjzMs4iElxdVQ==",
            "peer": true,
            "requires": {
                "tslib": "^2.3.0"
            }
        },
        "@fontsource/anonymous-pro": {
            "version": "4.5.0",
            "resolved": "https://registry.npmjs.org/@fontsource/anonymous-pro/-/anonymous-pro-4.5.0.tgz",
            "integrity": "sha512-4+JsJ0J/0NZvqiKv6TtkG5fCrs5RNSylAQ4vEifCRTlIZCWUDAjEmRz6s0DdRicTSLaOBoAUIp7efufWmHbpmw=="
        },
        "@fontsource/architects-daughter": {
            "version": "4.5.9",
            "resolved": "https://registry.npmjs.org/@fontsource/architects-daughter/-/architects-daughter-4.5.9.tgz",
            "integrity": "sha512-ImvKC1XaIy4dcdz89I9J1yONK88kQ+LH0Xwe2McdInuQJc97sleIYaOtSjw5MJcYfpgKxyyREMZxZ0RDaMqqMQ=="
        },
        "@fontsource/baloo-bhaina-2": {
            "version": "4.5.4",
            "resolved": "https://registry.npmjs.org/@fontsource/baloo-bhaina-2/-/baloo-bhaina-2-4.5.4.tgz",
            "integrity": "sha512-H9svASlAzkeMI/PpEFGTa1jaXXbIPeHdYMRqfQ0j+4VwDTvopWFjvhIk2bRXy5EtYeGH6FaQZRs/n7JcLa6SYg=="
        },
        "@fontsource/jost": {
            "version": "4.5.0",
            "resolved": "https://registry.npmjs.org/@fontsource/jost/-/jost-4.5.0.tgz",
            "integrity": "sha512-oSAd/XsrQ6wUifC5G9Zf6NfQHIVb/Hv9iZdSel7ZH5ZdWA4OVao68JN6V+BAvH51CG0+uSBJh5HIxgG78dwTmQ=="
        },
        "@fontsource/pangolin": {
            "version": "4.5.9",
            "resolved": "https://registry.npmjs.org/@fontsource/pangolin/-/pangolin-4.5.9.tgz",
            "integrity": "sha512-Ofdh94TJMk+YawvwKDwisIp68l+vJ9Q4sms34xZi61HdqTxoUgdHpvtpf71b+24SO9UkD7ULHnbLPGx4IxXgDA=="
        },
        "@fontsource/rajdhani": {
            "version": "4.5.10",
            "resolved": "https://registry.npmjs.org/@fontsource/rajdhani/-/rajdhani-4.5.10.tgz",
            "integrity": "sha512-4qsQsC4BELF8FC6UEBs5QBkek4v+/t0PYmQYtw1WDlNlq0V5mjUldMxjXzZano9/5HBihL7ztfQRPOf8WYexIQ=="
        },
        "@fontsource/roboto": {
            "version": "4.5.1",
            "resolved": "https://registry.npmjs.org/@fontsource/roboto/-/roboto-4.5.1.tgz",
            "integrity": "sha512-3mhfL+eNPG/woMNqwD/OHaW5qMpeGEBsDwzmhFmjB1yUV+M+M9P0NhP/AyHvnGz3DrqkvZ7CPzNMa+UkVLeELg=="
        },
        "@fontsource/syncopate": {
            "version": "4.5.8",
            "resolved": "https://registry.npmjs.org/@fontsource/syncopate/-/syncopate-4.5.8.tgz",
            "integrity": "sha512-rxmOQPlglHyKXziy6p34kVtd3VU/SlGklKEH80gCMsEO9eVuBXJyGCendM/Kv9Na9AZI/P66HhNxGvE6/Hy1XQ=="
        },
        "@types/lodash": {
            "version": "4.14.175",
            "resolved": "https://registry.npmjs.org/@types/lodash/-/lodash-4.14.175.tgz",
            "integrity": "sha512-XmdEOrKQ8a1Y/yxQFOMbC47G/V2VDO1GvMRnl4O75M4GW/abC5tnfzadQYkqEveqRM1dEJGFFegfPNA2vvx2iw==",
            "dev": true
        },
        "@types/lodash-es": {
            "version": "4.17.6",
            "resolved": "https://registry.npmjs.org/@types/lodash-es/-/lodash-es-4.17.6.tgz",
            "integrity": "sha512-R+zTeVUKDdfoRxpAryaQNRKk3105Rrgx2CFRClIgRGaqDTdjsm8h6IYA8ir584W3ePzkZfst5xIgDwYrlh9HLg==",
            "dev": true,
            "requires": {
                "@types/lodash": "*"
            }
        },
        "@types/wcag-contrast": {
            "version": "3.0.0",
            "resolved": "https://registry.npmjs.org/@types/wcag-contrast/-/wcag-contrast-3.0.0.tgz",
            "integrity": "sha512-RDinJW4P1bg+dWA6C0/looxA0zyi24gIDHrewzFW/xyU2v97D38KRzXdxMbiVpqovrjTa/xsX8abj3/hpASklg==",
            "dev": true
        },
        "angular-svg-icon": {
            "version": "14.0.0",
            "resolved": "https://registry.npmjs.org/angular-svg-icon/-/angular-svg-icon-14.0.0.tgz",
            "integrity": "sha512-WIEl7vp2wtacRauf/Rmfcyy5PTg5P4FHhdmm6oy3hWOY9aK/QEqEW5zzLKDXsh1djRlChLWnnC3ptaPC0wyHDw==",
            "peer": true,
            "requires": {
                "tslib": "^2.3.1"
            }
        },
        "date-fns": {
            "version": "2.29.3",
            "resolved": "https://registry.npmjs.org/date-fns/-/date-fns-2.29.3.tgz",
            "integrity": "sha512-dDCnyH2WnnKusqvZZ6+jA1O51Ibt8ZMRNkDZdyAyK4YfbDwa/cEmuztzG5pk6hqlp9aSBPYcjOlktquahGwGeA=="
        },
        "deepdash-es": {
            "version": "5.3.9",
            "resolved": "https://registry.npmjs.org/deepdash-es/-/deepdash-es-5.3.9.tgz",
            "integrity": "sha512-p/pFjNW8RgkWiTderYZpFA3yLo/ABjr2bR5ZSkT13nvpXIvrv66PYo31MAzaauJnU/kXwNpkiSR2kTLQbjhwJQ==",
            "requires": {
                "lodash-es": "^4.17.21"
            }
        },
        "esm": {
            "version": "3.2.25",
            "resolved": "https://registry.npmjs.org/esm/-/esm-3.2.25.tgz",
            "integrity": "sha512-U1suiZ2oDVWv4zPO56S0NcR5QriEahGtdN2OR6FiOG4WJvcjBVFB0qI4+eKoWFH483PKGuLuu6V8Z4T5g63UVA=="
        },
        "focus-trap": {
            "version": "7.2.0",
            "resolved": "https://registry.npmjs.org/focus-trap/-/focus-trap-7.2.0.tgz",
            "integrity": "sha512-v4wY6HDDYvzkBy4735kW5BUEuw6Yz9ABqMYLuTNbzAFPcBOGiGHwwcNVMvUz4G0kgSYh13wa/7TG3XwTeT4O/A==",
            "requires": {
                "tabbable": "^6.0.1"
            }
        },
        "fuse.js": {
            "version": "6.6.2",
            "resolved": "https://registry.npmjs.org/fuse.js/-/fuse.js-6.6.2.tgz",
            "integrity": "sha512-cJaJkxCCxC8qIIcPBF9yGxY0W/tVZS3uEISDxhYIdtk8OL93pe+6Zj7LjCqVV4dzbqcriOZ+kQ/NE4RXZHsIGA=="
        },
        "lodash-es": {
            "version": "4.17.21",
            "resolved": "https://registry.npmjs.org/lodash-es/-/lodash-es-4.17.21.tgz",
            "integrity": "sha512-mKnC+QJ9pWVzv+C4/U3rRsHapFfHvQFoFB92e52xeyGMcX6/OlIl78je1u8vePzYZSkkogMPJ2yjxxsb89cxyw=="
        },
        "lodash.clonedeep": {
            "version": "4.5.0",
            "resolved": "https://registry.npmjs.org/lodash.clonedeep/-/lodash.clonedeep-4.5.0.tgz",
            "integrity": "sha1-4j8/nE+Pvd6HJSnBBxhXoIblzO8="
        },
        "nanoid": {
            "version": "4.0.0",
            "resolved": "https://registry.npmjs.org/nanoid/-/nanoid-4.0.0.tgz",
            "integrity": "sha512-IgBP8piMxe/gf73RTQx7hmnhwz0aaEXYakvqZyE302IXW3HyVNhdNGC+O2MwMAVhLEnvXlvKtGbtJf6wvHihCg=="
        },
        "parse5": {
            "version": "5.1.1",
            "resolved": "https://registry.npmjs.org/parse5/-/parse5-5.1.1.tgz",
            "integrity": "sha512-ugq4DFI0Ptb+WWjAdOK16+u/nHfiIrcE+sh8kZMaM0WllQKLI9rOUq6c2b7cwPkXdzfQESqvoqK6ug7U/Yyzug==",
            "optional": true
        },
        "relative-luminance": {
            "version": "2.0.1",
            "resolved": "https://registry.npmjs.org/relative-luminance/-/relative-luminance-2.0.1.tgz",
            "integrity": "sha512-wFuITNthJilFPwkK7gNJcULxXBcfFZvZORsvdvxeOdO44wCeZnuQkf3nFFzOR/dpJNxYsdRZJLsepWbyKhnMww==",
            "requires": {
                "esm": "^3.0.84"
            }
        },
        "rxjs": {
            "version": "7.5.4",
            "resolved": "https://registry.npmjs.org/rxjs/-/rxjs-7.5.4.tgz",
            "integrity": "sha512-h5M3Hk78r6wAheJF0a5YahB1yRQKCsZ4MsGdZ5O9ETbVtjPcScGfrMmoOq7EBsCRzd4BDkvDJ7ogP8Sz5tTFiQ==",
            "peer": true,
            "requires": {
                "tslib": "^2.1.0"
            }
        },
        "svg-round-corners": {
            "version": "0.3.0",
            "resolved": "https://registry.npmjs.org/svg-round-corners/-/svg-round-corners-0.3.0.tgz",
            "integrity": "sha512-Z926d/WlI3fmM95jZlZ1nSxUObV+05ivcscTa7WnNcPt4CDwEpuyjrwRTg5O7ruUlVcQa4u979lMzXo7whRAyw==",
            "requires": {
                "lodash.clonedeep": "^4.5.0"
            }
        },
        "tabbable": {
            "version": "6.0.1",
            "resolved": "https://registry.npmjs.org/tabbable/-/tabbable-6.0.1.tgz",
            "integrity": "sha512-SYJSIgeyXW7EuX1ytdneO5e8jip42oHWg9xl/o3oTYhmXusZVgiA+VlPvjIN+kHii9v90AmzTZEBcsEvuAY+TA=="
        },
        "text-security": {
            "version": "3.2.1",
            "resolved": "https://registry.npmjs.org/text-security/-/text-security-3.2.1.tgz",
            "integrity": "sha512-MjDQ3lyLeLqcGqZfQCZ6kvjQiuNfJaicdgIczPJDtD4tj0vIPT8WwIOKTi8wgXCVS/F1WJmapO3SppXemrwbIA=="
        },
        "tslib": {
            "version": "2.3.1",
            "resolved": "https://registry.npmjs.org/tslib/-/tslib-2.3.1.tgz",
            "integrity": "sha512-77EbyPPpMz+FRFRuAFlWMtmgUWGe9UOG2Z25NqCwiIjRhOf5iKGuzSe5P2w1laq+FkRy4p+PCuVkJSGkzTEKVw=="
        },
        "wcag-contrast": {
            "version": "3.0.0",
            "resolved": "https://registry.npmjs.org/wcag-contrast/-/wcag-contrast-3.0.0.tgz",
            "integrity": "sha512-RWbpg/S7FOXDCwqC2oFhN/vh8dHzj0OS6dpyOSDHyQFSmqmR+lAUStV/ziTT1GzDqL9wol+nZQB4vCi5yEak+w==",
            "requires": {
                "relative-luminance": "^2.0.0"
            }
        },
        "zod": {
            "version": "3.20.2",
            "resolved": "https://registry.npmjs.org/zod/-/zod-3.20.2.tgz",
            "integrity": "sha512-1MzNQdAvO+54H+EaK5YpyEy0T+Ejo/7YLHS93G3RnYWh5gaotGHwGeN/ZO687qEDU2y4CdStQYXVHIgrUl5UVQ==",
            "peer": true
        },
        "zone.js": {
            "version": "0.11.4",
            "resolved": "https://registry.npmjs.org/zone.js/-/zone.js-0.11.4.tgz",
            "integrity": "sha512-DDh2Ab+A/B+9mJyajPjHFPWfYU1H+pdun4wnnk0OcQTNjem1XQSZ2CDW+rfZEUDjv5M19SBqAkjZi0x5wuB5Qw==",
            "peer": true,
            "requires": {
                "tslib": "^2.0.0"
            }
        }
    }
}
